
Microsoft Visual Studio Solution File, Format Version 12.00
# Visual Studio Version 16
VisualStudioVersion = 16.0.29215.179
MinimumVisualStudioVersion = 10.0.40219.1
Project("{FAE04EC0-301F-11D3-BF4B-00C04F79EFBC}") = "Lab01", "Lab01\Lab01.csproj", "{2C7F03C3-C707-4B39-A24B-8A82701B3FC5}"
EndProject
Global
	GlobalSection(SolutionConfigurationPlatforms) = preSolution
		Debug|Any CPU = Debug|Any CPU
		Release|Any CPU = Release|Any CPU
	EndGlobalSection
	GlobalSection(ProjectConfigurationPlatforms) = postSolution
		{2C7F03C3-C707-4B39-A24B-8A82701B3FC5}.Debug|Any CPU.ActiveCfg = Debug|Any CPU
		{2C7F03C3-C707-4B39-A24B-8A82701B3FC5}.Debug|Any CPU.Build.0 = Debug|Any CPU
		{2C7F03C3-C707-4B39-A24B-8A82701B3FC5}.Release|Any CPU.ActiveCfg = Release|Any CPU
		{2C7F03C3-C707-4B39-A24B-8A82701B3FC5}.Release|Any CPU.Build.0 = Release|Any CPU
	EndGlobalSection
	GlobalSection(SolutionProperties) = preSolution
		HideSolutionNode = FALSE
	EndGlobalSection
	GlobalSection(ExtensibilityGlobals) = postSolution
		SolutionGuid = {543A3AF3-9E7E-47CA-80A2-385AF2903833}
	EndGlobalSection
EndGlobal
