
Microsoft Visual Studio Solution File, Format Version 12.00
# Visual Studio Version 16
VisualStudioVersion = 16.0.29215.179
MinimumVisualStudioVersion = 10.0.40219.1
Project("{FAE04EC0-301F-11D3-BF4B-00C04F79EFBC}") = "Lab-04", "Lab-04\Lab-04.csproj", "{A60DC46A-A2BD-4DD7-8E78-B99609805F76}"
EndProject
Global
	GlobalSection(SolutionConfigurationPlatforms) = preSolution
		Debug|Any CPU = Debug|Any CPU
		Release|Any CPU = Release|Any CPU
	EndGlobalSection
	GlobalSection(ProjectConfigurationPlatforms) = postSolution
		{A60DC46A-A2BD-4DD7-8E78-B99609805F76}.Debug|Any CPU.ActiveCfg = Debug|Any CPU
		{A60DC46A-A2BD-4DD7-8E78-B99609805F76}.Debug|Any CPU.Build.0 = Debug|Any CPU
		{A60DC46A-A2BD-4DD7-8E78-B99609805F76}.Release|Any CPU.ActiveCfg = Release|Any CPU
		{A60DC46A-A2BD-4DD7-8E78-B99609805F76}.Release|Any CPU.Build.0 = Release|Any CPU
	EndGlobalSection
	GlobalSection(SolutionProperties) = preSolution
		HideSolutionNode = FALSE
	EndGlobalSection
	GlobalSection(ExtensibilityGlobals) = postSolution
		SolutionGuid = {4742209B-13D1-4748-A1DB-30D19F2B060F}
	EndGlobalSection
EndGlobal
